
Microsoft Visual Studio Solution File, Format Version 12.00
# Visual Studio 2012
Project("{FAE04EC0-301F-11D3-BF4B-00C04F79EFBC}") = "MvcFormBuilder", "MvcFormBuilder\MvcFormBuilder.csproj", "{F7D3486B-C492-4263-94D5-DA64B59E9470}"
EndProject
Project("{FAE04EC0-301F-11D3-BF4B-00C04F79EFBC}") = "MvcFormBuilder.Tests", "MvcFormBuilder.Tests\MvcFormBuilder.Tests.csproj", "{89AF04CF-6637-4993-A47A-6E22E3C2E3FF}"
EndProject
Global
	GlobalSection(SolutionConfigurationPlatforms) = preSolution
		Debug|Any CPU = Debug|Any CPU
		Release|Any CPU = Release|Any CPU
	EndGlobalSection
	GlobalSection(ProjectConfigurationPlatforms) = postSolution
		{F7D3486B-C492-4263-94D5-DA64B59E9470}.Debug|Any CPU.ActiveCfg = Debug|Any CPU
		{F7D3486B-C492-4263-94D5-DA64B59E9470}.Debug|Any CPU.Build.0 = Debug|Any CPU
		{F7D3486B-C492-4263-94D5-DA64B59E9470}.Release|Any CPU.ActiveCfg = Release|Any CPU
		{F7D3486B-C492-4263-94D5-DA64B59E9470}.Release|Any CPU.Build.0 = Release|Any CPU
		{89AF04CF-6637-4993-A47A-6E22E3C2E3FF}.Debug|Any CPU.ActiveCfg = Debug|Any CPU
		{89AF04CF-6637-4993-A47A-6E22E3C2E3FF}.Debug|Any CPU.Build.0 = Debug|Any CPU
		{89AF04CF-6637-4993-A47A-6E22E3C2E3FF}.Release|Any CPU.ActiveCfg = Release|Any CPU
		{89AF04CF-6637-4993-A47A-6E22E3C2E3FF}.Release|Any CPU.Build.0 = Release|Any CPU
	EndGlobalSection
	GlobalSection(SolutionProperties) = preSolution
		HideSolutionNode = FALSE
	EndGlobalSection
EndGlobal
